
Microsoft Visual Studio Solution File, Format Version 12.00
# Visual Studio 15
VisualStudioVersion = 15.0.27703.2026
MinimumVisualStudioVersion = 10.0.40219.1
Project("{FAE04EC0-301F-11D3-BF4B-00C04F79EFBC}") = "Mediator", "Mediator\Mediator.csproj", "{72FF4BF8-6EF3-49B3-AC4D-66B6E47E3BD8}"
EndProject
Global
	GlobalSection(SolutionConfigurationPlatforms) = preSolution
		Debug|Any CPU = Debug|Any CPU
		Debug|x64 = Debug|x64
		Debug|x86 = Debug|x86
		Release|Any CPU = Release|Any CPU
		Release|x64 = Release|x64
		Release|x86 = Release|x86
	EndGlobalSection
	GlobalSection(ProjectConfigurationPlatforms) = postSolution
		{72FF4BF8-6EF3-49B3-AC4D-66B6E47E3BD8}.Debug|Any CPU.ActiveCfg = Debug|Any CPU
		{72FF4BF8-6EF3-49B3-AC4D-66B6E47E3BD8}.Debug|Any CPU.Build.0 = Debug|Any CPU
		{72FF4BF8-6EF3-49B3-AC4D-66B6E47E3BD8}.Debug|x64.ActiveCfg = Debug|x64
		{72FF4BF8-6EF3-49B3-AC4D-66B6E47E3BD8}.Debug|x64.Build.0 = Debug|x64
		{72FF4BF8-6EF3-49B3-AC4D-66B6E47E3BD8}.Debug|x86.ActiveCfg = Debug|x86
		{72FF4BF8-6EF3-49B3-AC4D-66B6E47E3BD8}.Debug|x86.Build.0 = Debug|x86
		{72FF4BF8-6EF3-49B3-AC4D-66B6E47E3BD8}.Release|Any CPU.ActiveCfg = Release|Any CPU
		{72FF4BF8-6EF3-49B3-AC4D-66B6E47E3BD8}.Release|Any CPU.Build.0 = Release|Any CPU
		{72FF4BF8-6EF3-49B3-AC4D-66B6E47E3BD8}.Release|x64.ActiveCfg = Release|x64
		{72FF4BF8-6EF3-49B3-AC4D-66B6E47E3BD8}.Release|x64.Build.0 = Release|x64
		{72FF4BF8-6EF3-49B3-AC4D-66B6E47E3BD8}.Release|x86.ActiveCfg = Release|x86
		{72FF4BF8-6EF3-49B3-AC4D-66B6E47E3BD8}.Release|x86.Build.0 = Release|x86
	EndGlobalSection
	GlobalSection(SolutionProperties) = preSolution
		HideSolutionNode = FALSE
	EndGlobalSection
	GlobalSection(ExtensibilityGlobals) = postSolution
		SolutionGuid = {81F4D63E-B437-4BA0-83BD-D1F0518ED291}
	EndGlobalSection
EndGlobal
